apiVersion: vendir.k14s.io/v1alpha1
directories:
- contents:
  - git:
      commitTitle: 'chore(release): [ci skip] bump quickstart image to sha256@4c20b4db1f4e1d76053c691df1d2cc76055441af708bbfa75ff862db94345327'
      sha: b843f8f5bc9ab40f2962212853aaef93ecb9ddca
      tags:
      - 0.21.126-1-gb843f8f5b
    path: blink-quickstart
  path: vendor
kind: LockConfig
